
Microsoft Visual Studio Solution File, Format Version 12.00
# Visual Studio 15
VisualStudioVersion = 15.0.27004.2002
MinimumVisualStudioVersion = 10.0.40219.1
Project("{FAE04EC0-301F-11D3-BF4B-00C04F79EFBC}") = "Microsoft.DotNet.Analyzers.Compatibility.Vsix", "src\Microsoft.DotNet.Analyzers.Compatibility.Vsix\Microsoft.DotNet.Analyzers.Compatibility.Vsix.csproj", "{95368DD4-2B76-4304-B7EC-6E27C72F641B}"
EndProject
Project("{9A19103F-16F7-4668-BE54-9A1E7A4F7556}") = "ex-scan", "src\ex-scan\ex-scan.csproj", "{CFCE7A41-E545-419D-B408-EF1B6FA3CDB4}"
EndProject
Project("{9A19103F-16F7-4668-BE54-9A1E7A4F7556}") = "Microsoft.DotNet.ExceptionScanning", "src\Microsoft.DotNet.ExceptionScanning\Microsoft.DotNet.ExceptionScanning.csproj", "{1A3F19F6-8492-4E47-B290-8222613202F2}"
EndProject
Project("{9A19103F-16F7-4668-BE54-9A1E7A4F7556}") = "Microsoft.DotNet.Csv", "src\Microsoft.DotNet.Csv\Microsoft.DotNet.Csv.csproj", "{1F38367F-A9B2-46A1-B1FF-1D04C4FDBBB9}"
EndProject
Project("{9A19103F-16F7-4668-BE54-9A1E7A4F7556}") = "Microsoft.DotNet.Cci", "src\Microsoft.DotNet.Cci\Microsoft.DotNet.Cci.csproj", "{E005D6FA-BE4F-4814-839E-43768DAA5E97}"
EndProject
Project("{9A19103F-16F7-4668-BE54-9A1E7A4F7556}") = "ex-gen", "src\ex-gen\ex-gen.csproj", "{8D0CEDDE-E2D2-4FF6-A5B4-A2696B31C4E6}"
EndProject
Project("{9A19103F-16F7-4668-BE54-9A1E7A4F7556}") = "Microsoft.DotNet.Analyzers.Compatibility", "src\Microsoft.DotNet.Analyzers.Compatibility\Microsoft.DotNet.Analyzers.Compatibility.csproj", "{4DAA1CC6-B7DF-4F97-9DD0-3EC500A9F986}"
EndProject
Project("{9A19103F-16F7-4668-BE54-9A1E7A4F7556}") = "Microsoft.DotNet.Analyzers.Compatibility.Tests", "src\Microsoft.DotNet.Analyzers.Compatibility.Tests\Microsoft.DotNet.Analyzers.Compatibility.Tests.csproj", "{513A0D76-352B-4DF6-945A-358B0CB2EABA}"
EndProject
Project("{9A19103F-16F7-4668-BE54-9A1E7A4F7556}") = "Microsoft.DotNet.ExceptionScanning.Tests", "src\Microsoft.DotNet.ExceptionScanning.Tests\Microsoft.DotNet.ExceptionScanning.Tests.csproj", "{F77DF5B7-FC77-4DA7-BE7B-DC402DEDD064}"
EndProject
Project("{9A19103F-16F7-4668-BE54-9A1E7A4F7556}") = "dep-index", "src\dep-index\dep-index.csproj", "{6973B489-E5ED-4F82-BE2A-A4A54868F45D}"
EndProject
Project("{2150E333-8FDC-42A3-9474-1A3956D46DE8}") = "common", "common", "{3353F11E-B74D-44BD-9CF4-FD0A63A0C07B}"
	ProjectSection(SolutionItems) = preProject
		src\Directory.Build.props = src\Directory.Build.props
		src\Directory.Build.targets = src\Directory.Build.targets
		src\Testing.targets = src\Testing.targets
		src\version.json = src\version.json
	EndProjectSection
EndProject
Project("{9A19103F-16F7-4668-BE54-9A1E7A4F7556}") = "modernsdk-index", "src\modernsdk-index\modernsdk-index.csproj", "{63D0E604-F739-41D7-B6E6-B46ECA9051DA}"
EndProject
Project("{2150E333-8FDC-42A3-9474-1A3956D46DE8}") = "etc", "etc", "{088D41D6-243E-4494-8C7A-C1FEA8437CD6}"
	ProjectSection(SolutionItems) = preProject
		etc\deprecated.csv = etc\deprecated.csv
		etc\exceptions-exclusions.csv = etc\exceptions-exclusions.csv
		etc\exceptions-inclusions.csv = etc\exceptions-inclusions.csv
		etc\exceptions.csv = etc\exceptions.csv
		etc\modernsdk.csv = etc\modernsdk.csv
		etc\net461.csv = etc\net461.csv
	EndProjectSection
EndProject
Project("{2150E333-8FDC-42A3-9474-1A3956D46DE8}") = "docs", "docs", "{6F07EE72-A705-4279-BD05-4BF5B8BB1AC5}"
	ProjectSection(SolutionItems) = preProject
		docs\DE0001.md = docs\DE0001.md
		docs\DE0002.md = docs\DE0002.md
		docs\DE0003.md = docs\DE0003.md
		docs\DE0004.md = docs\DE0004.md
		docs\DE0005.md = docs\DE0005.md
		docs\DE0006.md = docs\DE0006.md
		docs\DE0007.md = docs\DE0007.md
		docs\PC001.md = docs\PC001.md
		docs\PC002.md = docs\PC002.md
		docs\PC003.md = docs\PC003.md
	EndProjectSection
EndProject
Project("{2150E333-8FDC-42A3-9474-1A3956D46DE8}") = "tools", "tools", "{09FF4C67-A805-490B-9323-4F60882875B6}"
EndProject
Global
	GlobalSection(SolutionConfigurationPlatforms) = preSolution
		Debug|Any CPU = Debug|Any CPU
		Release|Any CPU = Release|Any CPU
	EndGlobalSection
	GlobalSection(ProjectConfigurationPlatforms) = postSolution
		{95368DD4-2B76-4304-B7EC-6E27C72F641B}.Debug|Any CPU.ActiveCfg = Debug|Any CPU
		{95368DD4-2B76-4304-B7EC-6E27C72F641B}.Debug|Any CPU.Build.0 = Debug|Any CPU
		{95368DD4-2B76-4304-B7EC-6E27C72F641B}.Release|Any CPU.ActiveCfg = Release|Any CPU
		{95368DD4-2B76-4304-B7EC-6E27C72F641B}.Release|Any CPU.Build.0 = Release|Any CPU
		{CFCE7A41-E545-419D-B408-EF1B6FA3CDB4}.Debug|Any CPU.ActiveCfg = Debug|Any CPU
		{CFCE7A41-E545-419D-B408-EF1B6FA3CDB4}.Debug|Any CPU.Build.0 = Debug|Any CPU
		{CFCE7A41-E545-419D-B408-EF1B6FA3CDB4}.Release|Any CPU.ActiveCfg = Release|Any CPU
		{CFCE7A41-E545-419D-B408-EF1B6FA3CDB4}.Release|Any CPU.Build.0 = Release|Any CPU
		{1A3F19F6-8492-4E47-B290-8222613202F2}.Debug|Any CPU.ActiveCfg = Debug|Any CPU
		{1A3F19F6-8492-4E47-B290-8222613202F2}.Debug|Any CPU.Build.0 = Debug|Any CPU
		{1A3F19F6-8492-4E47-B290-8222613202F2}.Release|Any CPU.ActiveCfg = Release|Any CPU
		{1A3F19F6-8492-4E47-B290-8222613202F2}.Release|Any CPU.Build.0 = Release|Any CPU
		{1F38367F-A9B2-46A1-B1FF-1D04C4FDBBB9}.Debug|Any CPU.ActiveCfg = Debug|Any CPU
		{1F38367F-A9B2-46A1-B1FF-1D04C4FDBBB9}.Debug|Any CPU.Build.0 = Debug|Any CPU
		{1F38367F-A9B2-46A1-B1FF-1D04C4FDBBB9}.Release|Any CPU.ActiveCfg = Release|Any CPU
		{1F38367F-A9B2-46A1-B1FF-1D04C4FDBBB9}.Release|Any CPU.Build.0 = Release|Any CPU
		{E005D6FA-BE4F-4814-839E-43768DAA5E97}.Debug|Any CPU.ActiveCfg = Debug|Any CPU
		{E005D6FA-BE4F-4814-839E-43768DAA5E97}.Debug|Any CPU.Build.0 = Debug|Any CPU
		{E005D6FA-BE4F-4814-839E-43768DAA5E97}.Release|Any CPU.ActiveCfg = Release|Any CPU
		{E005D6FA-BE4F-4814-839E-43768DAA5E97}.Release|Any CPU.Build.0 = Release|Any CPU
		{8D0CEDDE-E2D2-4FF6-A5B4-A2696B31C4E6}.Debug|Any CPU.ActiveCfg = Debug|Any CPU
		{8D0CEDDE-E2D2-4FF6-A5B4-A2696B31C4E6}.Debug|Any CPU.Build.0 = Debug|Any CPU
		{8D0CEDDE-E2D2-4FF6-A5B4-A2696B31C4E6}.Release|Any CPU.ActiveCfg = Release|Any CPU
		{8D0CEDDE-E2D2-4FF6-A5B4-A2696B31C4E6}.Release|Any CPU.Build.0 = Release|Any CPU
		{4DAA1CC6-B7DF-4F97-9DD0-3EC500A9F986}.Debug|Any CPU.ActiveCfg = Debug|Any CPU
		{4DAA1CC6-B7DF-4F97-9DD0-3EC500A9F986}.Debug|Any CPU.Build.0 = Debug|Any CPU
		{4DAA1CC6-B7DF-4F97-9DD0-3EC500A9F986}.Release|Any CPU.ActiveCfg = Release|Any CPU
		{4DAA1CC6-B7DF-4F97-9DD0-3EC500A9F986}.Release|Any CPU.Build.0 = Release|Any CPU
		{513A0D76-352B-4DF6-945A-358B0CB2EABA}.Debug|Any CPU.ActiveCfg = Debug|Any CPU
		{513A0D76-352B-4DF6-945A-358B0CB2EABA}.Debug|Any CPU.Build.0 = Debug|Any CPU
		{513A0D76-352B-4DF6-945A-358B0CB2EABA}.Release|Any CPU.ActiveCfg = Release|Any CPU
		{513A0D76-352B-4DF6-945A-358B0CB2EABA}.Release|Any CPU.Build.0 = Release|Any CPU
		{F77DF5B7-FC77-4DA7-BE7B-DC402DEDD064}.Debug|Any CPU.ActiveCfg = Debug|Any CPU
		{F77DF5B7-FC77-4DA7-BE7B-DC402DEDD064}.Debug|Any CPU.Build.0 = Debug|Any CPU
		{F77DF5B7-FC77-4DA7-BE7B-DC402DEDD064}.Release|Any CPU.ActiveCfg = Release|Any CPU
		{F77DF5B7-FC77-4DA7-BE7B-DC402DEDD064}.Release|Any CPU.Build.0 = Release|Any CPU
		{6973B489-E5ED-4F82-BE2A-A4A54868F45D}.Debug|Any CPU.ActiveCfg = Debug|Any CPU
		{6973B489-E5ED-4F82-BE2A-A4A54868F45D}.Debug|Any CPU.Build.0 = Debug|Any CPU
		{6973B489-E5ED-4F82-BE2A-A4A54868F45D}.Release|Any CPU.ActiveCfg = Release|Any CPU
		{6973B489-E5ED-4F82-BE2A-A4A54868F45D}.Release|Any CPU.Build.0 = Release|Any CPU
		{63D0E604-F739-41D7-B6E6-B46ECA9051DA}.Debug|Any CPU.ActiveCfg = Debug|Any CPU
		{63D0E604-F739-41D7-B6E6-B46ECA9051DA}.Debug|Any CPU.Build.0 = Debug|Any CPU
		{63D0E604-F739-41D7-B6E6-B46ECA9051DA}.Release|Any CPU.ActiveCfg = Release|Any CPU
		{63D0E604-F739-41D7-B6E6-B46ECA9051DA}.Release|Any CPU.Build.0 = Release|Any CPU
	EndGlobalSection
	GlobalSection(SolutionProperties) = preSolution
		HideSolutionNode = FALSE
	EndGlobalSection
	GlobalSection(NestedProjects) = preSolution
		{CFCE7A41-E545-419D-B408-EF1B6FA3CDB4} = {09FF4C67-A805-490B-9323-4F60882875B6}
		{8D0CEDDE-E2D2-4FF6-A5B4-A2696B31C4E6} = {09FF4C67-A805-490B-9323-4F60882875B6}
		{6973B489-E5ED-4F82-BE2A-A4A54868F45D} = {09FF4C67-A805-490B-9323-4F60882875B6}
		{63D0E604-F739-41D7-B6E6-B46ECA9051DA} = {09FF4C67-A805-490B-9323-4F60882875B6}
	EndGlobalSection
	GlobalSection(ExtensibilityGlobals) = postSolution
		SolutionGuid = {3CA3420F-FD38-44A8-8520-B7B3D0EDF7D3}
	EndGlobalSection
EndGlobal
